// !$*UTF8*$!
{
	archiveVersion = 1;
	classes = {
	};
	objectVersion = 46;
	objects = {

/* Begin PBXBuildFile section */
		56B2BF701CAAC5710020B6FC /* Reachability.m in Sources */ = {isa = PBXBuildFile; fileRef = 56B2BF6F1CAAC5710020B6FC /* Reachability.m */; };
		7A42534B1D5DDF35007B9B47 /* getSocialLogoFullColorBlackBgIOS.png in Resources */ = {isa = PBXBuildFile; fileRef = 7A4253491D5DDF35007B9B47 /* getSocialLogoFullColorBlackBgIOS.png */; };
		7A42534C1D5DDF35007B9B47 /* splashscreenBg.jpg in Resources */ = {isa = PBXBuildFile; fileRef = 7A42534A1D5DDF35007B9B47 /* splashscreenBg.jpg */; };
		990BC5B01AF24E07003A0B96 /* UIBAlertView.m in Sources */ = {isa = PBXBuildFile; fileRef = 990BC5AD1AF24E07003A0B96 /* UIBAlertView.m */; };
		990CFDE71BAA173E008872CA /* Social.framework in Frameworks */ = {isa = PBXBuildFile; fileRef = 990CFD711BA9C31C008872CA /* Social.framework */; };
		990CFDE81BAA173E008872CA /* MessageUI.framework in Frameworks */ = {isa = PBXBuildFile; fileRef = 990CFD6F1BA9C2F6008872CA /* MessageUI.framework */; };
		990CFDE91BAA173E008872CA /* MobileCoreServices.framework in Frameworks */ = {isa = PBXBuildFile; fileRef = 99BF2FBC18129DC600B9A6B5 /* MobileCoreServices.framework */; };
		990CFDEA1BAA173E008872CA /* CoreTelephony.framework in Frameworks */ = {isa = PBXBuildFile; fileRef = 990CFD6D1BA9C2CF008872CA /* CoreTelephony.framework */; };
		990CFDEE1BAA173E008872CA /* AVFoundation.framework in Frameworks */ = {isa = PBXBuildFile; fileRef = 9908FAA91A9B4C7800F39657 /* AVFoundation.framework */; };
		990CFDF01BAA173E008872CA /* AdSupport.framework in Frameworks */ = {isa = PBXBuildFile; fileRef = 990BC5B71AF265D6003A0B96 /* AdSupport.framework */; };
		990CFDF21BAA173E008872CA /* UIKit.framework in Frameworks */ = {isa = PBXBuildFile; fileRef = 995D99A617EB064500F65204 /* UIKit.framework */; };
		990CFDF81BAA173E008872CA /* libsqlite3.tbd in Frameworks */ = {isa = PBXBuildFile; fileRef = F4AD6CFE18BF313400B1F342 /* libsqlite3.tbd */; };
		990CFDF91BAA173E008872CA /* SystemConfiguration.framework in Frameworks */ = {isa = PBXBuildFile; fileRef = 99BF2FC118129DCC00B9A6B5 /* SystemConfiguration.framework */; };
		990CFDFC1BAA173E008872CA /* Foundation.framework in Frameworks */ = {isa = PBXBuildFile; fileRef = 995D99A217EB064500F65204 /* Foundation.framework */; };
		991347B51AF240740044C2AD /* CustomSmartInviteViewController.m in Sources */ = {isa = PBXBuildFile; fileRef = 991347B21AF240740044C2AD /* CustomSmartInviteViewController.m */; };
		9916C6A61BE7BF0B00ABBCF0 /* libicucore.tbd in Frameworks */ = {isa = PBXBuildFile; fileRef = 9916C6A51BE7BF0B00ABBCF0 /* libicucore.tbd */; };
		99205C751A1AA237003DB88F /* GetSocialFacebookInvitePlugin.m in Sources */ = {isa = PBXBuildFile; fileRef = 99205C721A1AA237003DB88F /* GetSocialFacebookInvitePlugin.m */; };
		9929239C1BB2EEAD0010D481 /* UserViewController.m in Sources */ = {isa = PBXBuildFile; fileRef = 992923991BB2EEAD0010D481 /* UserViewController.m */; };
		992923A51BB411A00010D481 /* MenuTableViewCell.m in Sources */ = {isa = PBXBuildFile; fileRef = 992923A21BB411A00010D481 /* MenuTableViewCell.m */; };
		9942F91A1A70F9C200FCC91B /* Launch Screen.xib in Resources */ = {isa = PBXBuildFile; fileRef = 9942F9171A70F9C200FCC91B /* Launch Screen.xib */; };
		995AC1D61BB06955006424DF /* MainViewController.m in Sources */ = {isa = PBXBuildFile; fileRef = 995AC1D31BB06955006424DF /* MainViewController.m */; };
		995AC1E11BB15218006424DF /* MainNavigationController.m in Sources */ = {isa = PBXBuildFile; fileRef = 995AC1DE1BB15218006424DF /* MainNavigationController.m */; };
		995AC1E61BB1568E006424DF /* MenuTableViewController.m in Sources */ = {isa = PBXBuildFile; fileRef = 995AC1E31BB1568E006424DF /* MenuTableViewController.m */; };
		995AC1EB1BB15C95006424DF /* MenuItem.m in Sources */ = {isa = PBXBuildFile; fileRef = 995AC1E81BB15C95006424DF /* MenuItem.m */; };
		998876151C6D487C0071A436 /* Constants.m in Sources */ = {isa = PBXBuildFile; fileRef = 998876141C6D487C0071A436 /* Constants.m */; };
		998B71EE1BB95CB800325DAF /* FBSDKCoreKit.framework in Frameworks */ = {isa = PBXBuildFile; fileRef = 998B71EB1BB95CB800325DAF /* FBSDKCoreKit.framework */; };
		998B71EF1BB95CB800325DAF /* FBSDKLoginKit.framework in Frameworks */ = {isa = PBXBuildFile; fileRef = 998B71EC1BB95CB800325DAF /* FBSDKLoginKit.framework */; };
		998B71F01BB95CB800325DAF /* FBSDKShareKit.framework in Frameworks */ = {isa = PBXBuildFile; fileRef = 998B71ED1BB95CB800325DAF /* FBSDKShareKit.framework */; };
		998B74BD1BBA8C7000325DAF /* GetSocial.framework in Frameworks */ = {isa = PBXBuildFile; fileRef = 998B74B61BBA8C7000325DAF /* GetSocial.framework */; };
		998B74BE1BBA8C7000325DAF /* GetSocial.bundle in Resources */ = {isa = PBXBuildFile; fileRef = 998B74B81BBA8C7000325DAF /* GetSocial.bundle */; };
		998B74BF1BBA8C7000325DAF /* GetSocialChat.framework in Frameworks */ = {isa = PBXBuildFile; fileRef = 998B74BA1BBA8C7000325DAF /* GetSocialChat.framework */; };
		998B74C01BBA8C7000325DAF /* GetSocialChat.bundle in Resources */ = {isa = PBXBuildFile; fileRef = 998B74BC1BBA8C7000325DAF /* GetSocialChat.bundle */; };
		99A42E061C904CD50041DDE3 /* Accelerate.framework in Frameworks */ = {isa = PBXBuildFile; fileRef = 990CFD731BA9C350008872CA /* Accelerate.framework */; };
		99A42E071C904F300041DDE3 /* Security.framework in Frameworks */ = {isa = PBXBuildFile; fileRef = 998298D7181C2BFF0028113B /* Security.framework */; };
		99A42E0B1C904F680041DDE3 /* CFNetwork.framework in Frameworks */ = {isa = PBXBuildFile; fileRef = 99A42E0A1C904F680041DDE3 /* CFNetwork.framework */; };
		99A42E0D1C904F830041DDE3 /* CoreGraphics.framework in Frameworks */ = {isa = PBXBuildFile; fileRef = 99A42E0C1C904F830041DDE3 /* CoreGraphics.framework */; };
		99A42E0F1C904F8F0041DDE3 /* CoreImage.framework in Frameworks */ = {isa = PBXBuildFile; fileRef = 99A42E0E1C904F8F0041DDE3 /* CoreImage.framework */; };
		99A42E111C904F9A0041DDE3 /* CoreText.framework in Frameworks */ = {isa = PBXBuildFile; fileRef = 99A42E101C904F9A0041DDE3 /* CoreText.framework */; };
		99A42E131C904FCD0041DDE3 /* QuartzCore.framework in Frameworks */ = {isa = PBXBuildFile; fileRef = 99A42E121C904FCD0041DDE3 /* QuartzCore.framework */; };
		99ABE3C41BCE7E8A00296F50 /* UserIdentityUtils.m in Sources */ = {isa = PBXBuildFile; fileRef = 99ABE3C31BCE7E8A00296F50 /* UserIdentityUtils.m */; };
		99ABE3CC1BCEBC8600296F50 /* GetSocialTestApp.entitlements in Resources */ = {isa = PBXBuildFile; fileRef = 99ABE3C81BCE8EA000296F50 /* GetSocialTestApp.entitlements */; };
		99B68F171BB18FC500E1F252 /* UserIdentityViewController.m in Sources */ = {isa = PBXBuildFile; fileRef = 99B68F141BB18FC500E1F252 /* UserIdentityViewController.m */; };
		99C086991BB92F4200C706DD /* defaultAvatar.png in Resources */ = {isa = PBXBuildFile; fileRef = 99C086961BB92F4200C706DD /* defaultAvatar.png */; };
		99EB88001AB7611600357E60 /* activityImageWithButton.png in Resources */ = {isa = PBXBuildFile; fileRef = 99EB87FD1AB7611600357E60 /* activityImageWithButton.png */; };
		99F26AEB19A65BE5006D3B1A /* AppDelegate.m in Sources */ = {isa = PBXBuildFile; fileRef = 995D99B217EB064500F65204 /* AppDelegate.m */; };
		99F26AF419A65BE5006D3B1A /* main.m in Sources */ = {isa = PBXBuildFile; fileRef = 995D99AE17EB064500F65204 /* main.m */; };
		99F26B1A19A65BE5006D3B1A /* Images.xcassets in Resources */ = {isa = PBXBuildFile; fileRef = 995D99BD17EB064500F65204 /* Images.xcassets */; };
		99F26B1B19A65BE5006D3B1A /* Main.storyboard in Resources */ = {isa = PBXBuildFile; fileRef = 995D99B417EB064500F65204 /* Main.storyboard */; };
		99F3E7E81AB205C400033238 /* activityCallToActionButtonNormal.png in Resources */ = {isa = PBXBuildFile; fileRef = 99F3E7E41AB205C400033238 /* activityCallToActionButtonNormal.png */; };
		99F3E7EB1AB205C400033238 /* activityCallToActionButtonPressed.png in Resources */ = {isa = PBXBuildFile; fileRef = 99F3E7E51AB205C400033238 /* activityCallToActionButtonPressed.png */; };
		99F3E7F31AB31DC100033238 /* activityImageWithAction.png in Resources */ = {isa = PBXBuildFile; fileRef = 99F3E7ED1AB31DC100033238 /* activityImageWithAction.png */; };
		99F3E8011AB32CA900033238 /* activityImage.png in Resources */ = {isa = PBXBuildFile; fileRef = 99F3E7FE1AB32CA900033238 /* activityImage.png */; };
		99F772E61BBAA96A00A4CD69 /* LICENSE in Resources */ = {isa = PBXBuildFile; fileRef = 99F772E51BBAA96A00A4CD69 /* LICENSE */; };
		99FE1A801BB2A82100EF576A /* ConsoleViewController.m in Sources */ = {isa = PBXBuildFile; fileRef = 99FE1A7D1BB2A82100EF576A /* ConsoleViewController.m */; };
		BC012E181CA29AFF00D68064 /* GetSocialFBMessengerInvitePlugin.m in Sources */ = {isa = PBXBuildFile; fileRef = BC012E161CA29AFF00D68064 /* GetSocialFBMessengerInvitePlugin.m */; };
		BC2561C51C74C2DD00D224C0 /* (null) in Resources */ = {isa = PBXBuildFile; };
		BC6DBD281C999D650049A31D /* UsersListTableViewController.m in Sources */ = {isa = PBXBuildFile; fileRef = BC6DBD271C999D650049A31D /* UsersListTableViewController.m */; };
/* End PBXBuildFile section */

/* Begin PBXFileReference section */
		56B2BF6E1CAAC5710020B6FC /* Reachability.h */ = {isa = PBXFileReference; fileEncoding = 4; lastKnownFileType = sourcecode.c.h; path = Reachability.h; sourceTree = "<group>"; };
		56B2BF6F1CAAC5710020B6FC /* Reachability.m */ = {isa = PBXFileReference; fileEncoding = 4; lastKnownFileType = sourcecode.c.objc; path = Reachability.m; sourceTree = "<group>"; };
		7A4253491D5DDF35007B9B47 /* getSocialLogoFullColorBlackBgIOS.png */ = {isa = PBXFileReference; lastKnownFileType = image.png; name = getSocialLogoFullColorBlackBgIOS.png; path = Resources/getSocialLogoFullColorBlackBgIOS.png; sourceTree = "<group>"; };
		7A42534A1D5DDF35007B9B47 /* splashscreenBg.jpg */ = {isa = PBXFileReference; lastKnownFileType = image.jpeg; name = splashscreenBg.jpg; path = Resources/splashscreenBg.jpg; sourceTree = "<group>"; };
		9908FAA91A9B4C7800F39657 /* AVFoundation.framework */ = {isa = PBXFileReference; lastKnownFileType = wrapper.framework; name = AVFoundation.framework; path = System/Library/Frameworks/AVFoundation.framework; sourceTree = SDKROOT; };
		990BC5AC1AF24E07003A0B96 /* UIBAlertView.h */ = {isa = PBXFileReference; fileEncoding = 4; lastKnownFileType = sourcecode.c.h; path = UIBAlertView.h; sourceTree = "<group>"; };
		990BC5AD1AF24E07003A0B96 /* UIBAlertView.m */ = {isa = PBXFileReference; fileEncoding = 4; lastKnownFileType = sourcecode.c.objc; path = UIBAlertView.m; sourceTree = "<group>"; };
		990BC5B71AF265D6003A0B96 /* AdSupport.framework */ = {isa = PBXFileReference; lastKnownFileType = wrapper.framework; name = AdSupport.framework; path = System/Library/Frameworks/AdSupport.framework; sourceTree = SDKROOT; };
		990CFD6D1BA9C2CF008872CA /* CoreTelephony.framework */ = {isa = PBXFileReference; lastKnownFileType = wrapper.framework; name = CoreTelephony.framework; path = System/Library/Frameworks/CoreTelephony.framework; sourceTree = SDKROOT; };
		990CFD6F1BA9C2F6008872CA /* MessageUI.framework */ = {isa = PBXFileReference; lastKnownFileType = wrapper.framework; name = MessageUI.framework; path = System/Library/Frameworks/MessageUI.framework; sourceTree = SDKROOT; };
		990CFD711BA9C31C008872CA /* Social.framework */ = {isa = PBXFileReference; lastKnownFileType = wrapper.framework; name = Social.framework; path = System/Library/Frameworks/Social.framework; sourceTree = SDKROOT; };
		990CFD731BA9C350008872CA /* Accelerate.framework */ = {isa = PBXFileReference; lastKnownFileType = wrapper.framework; name = Accelerate.framework; path = System/Library/Frameworks/Accelerate.framework; sourceTree = SDKROOT; };
		991347B11AF240740044C2AD /* CustomSmartInviteViewController.h */ = {isa = PBXFileReference; fileEncoding = 4; lastKnownFileType = sourcecode.c.h; path = CustomSmartInviteViewController.h; sourceTree = "<group>"; };
		991347B21AF240740044C2AD /* CustomSmartInviteViewController.m */ = {isa = PBXFileReference; fileEncoding = 4; lastKnownFileType = sourcecode.c.objc; lineEnding = 0; path = CustomSmartInviteViewController.m; sourceTree = "<group>"; xcLanguageSpecificationIdentifier = xcode.lang.objc; };
		9916C6A51BE7BF0B00ABBCF0 /* libicucore.tbd */ = {isa = PBXFileReference; lastKnownFileType = "sourcecode.text-based-dylib-definition"; name = libicucore.tbd; path = usr/lib/libicucore.tbd; sourceTree = SDKROOT; };
		99205C711A1AA237003DB88F /* GetSocialFacebookInvitePlugin.h */ = {isa = PBXFileReference; fileEncoding = 4; lastKnownFileType = sourcecode.c.h; name = GetSocialFacebookInvitePlugin.h; path = Plugins/GetSocialFacebookInvitePlugin.h; sourceTree = "<group>"; };
		99205C721A1AA237003DB88F /* GetSocialFacebookInvitePlugin.m */ = {isa = PBXFileReference; fileEncoding = 4; lastKnownFileType = sourcecode.c.objc; name = GetSocialFacebookInvitePlugin.m; path = Plugins/GetSocialFacebookInvitePlugin.m; sourceTree = "<group>"; };
		992923981BB2EEAD0010D481 /* UserViewController.h */ = {isa = PBXFileReference; fileEncoding = 4; lastKnownFileType = sourcecode.c.h; lineEnding = 0; path = UserViewController.h; sourceTree = "<group>"; xcLanguageSpecificationIdentifier = xcode.lang.objcpp; };
		992923991BB2EEAD0010D481 /* UserViewController.m */ = {isa = PBXFileReference; fileEncoding = 4; lastKnownFileType = sourcecode.c.objc; lineEnding = 0; path = UserViewController.m; sourceTree = "<group>"; xcLanguageSpecificationIdentifier = xcode.lang.objc; };
		992923A11BB411A00010D481 /* MenuTableViewCell.h */ = {isa = PBXFileReference; fileEncoding = 4; lastKnownFileType = sourcecode.c.h; lineEnding = 0; path = MenuTableViewCell.h; sourceTree = "<group>"; xcLanguageSpecificationIdentifier = xcode.lang.objcpp; };
		992923A21BB411A00010D481 /* MenuTableViewCell.m */ = {isa = PBXFileReference; fileEncoding = 4; lastKnownFileType = sourcecode.c.objc; path = MenuTableViewCell.m; sourceTree = "<group>"; };
		9942F9171A70F9C200FCC91B /* Launch Screen.xib */ = {isa = PBXFileReference; fileEncoding = 4; lastKnownFileType = file.xib; path = "Launch Screen.xib"; sourceTree = "<group>"; };
		995AC1D21BB06955006424DF /* MainViewController.h */ = {isa = PBXFileReference; fileEncoding = 4; lastKnownFileType = sourcecode.c.h; lineEnding = 0; path = MainViewController.h; sourceTree = "<group>"; xcLanguageSpecificationIdentifier = xcode.lang.objcpp; };
		995AC1D31BB06955006424DF /* MainViewController.m */ = {isa = PBXFileReference; fileEncoding = 4; lastKnownFileType = sourcecode.c.objc; lineEnding = 0; path = MainViewController.m; sourceTree = "<group>"; xcLanguageSpecificationIdentifier = xcode.lang.objc; };
		995AC1DD1BB15218006424DF /* MainNavigationController.h */ = {isa = PBXFileReference; fileEncoding = 4; lastKnownFileType = sourcecode.c.h; path = MainNavigationController.h; sourceTree = "<group>"; };
		995AC1DE1BB15218006424DF /* MainNavigationController.m */ = {isa = PBXFileReference; fileEncoding = 4; lastKnownFileType = sourcecode.c.objc; path = MainNavigationController.m; sourceTree = "<group>"; };
		995AC1E21BB1568E006424DF /* MenuTableViewController.h */ = {isa = PBXFileReference; fileEncoding = 4; lastKnownFileType = sourcecode.c.h; lineEnding = 0; path = MenuTableViewController.h; sourceTree = "<group>"; xcLanguageSpecificationIdentifier = xcode.lang.objcpp; };
		995AC1E31BB1568E006424DF /* MenuTableViewController.m */ = {isa = PBXFileReference; fileEncoding = 4; lastKnownFileType = sourcecode.c.objc; path = MenuTableViewController.m; sourceTree = "<group>"; };
		995AC1E71BB15C95006424DF /* MenuItem.h */ = {isa = PBXFileReference; fileEncoding = 4; lastKnownFileType = sourcecode.c.h; path = MenuItem.h; sourceTree = "<group>"; };
		995AC1E81BB15C95006424DF /* MenuItem.m */ = {isa = PBXFileReference; fileEncoding = 4; lastKnownFileType = sourcecode.c.objc; path = MenuItem.m; sourceTree = "<group>"; };
		995D99A217EB064500F65204 /* Foundation.framework */ = {isa = PBXFileReference; lastKnownFileType = wrapper.framework; name = Foundation.framework; path = System/Library/Frameworks/Foundation.framework; sourceTree = SDKROOT; };
		995D99A617EB064500F65204 /* UIKit.framework */ = {isa = PBXFileReference; lastKnownFileType = wrapper.framework; name = UIKit.framework; path = System/Library/Frameworks/UIKit.framework; sourceTree = SDKROOT; };
		995D99AA17EB064500F65204 /* testapp-Info.plist */ = {isa = PBXFileReference; lastKnownFileType = text.plist.xml; path = "testapp-Info.plist"; sourceTree = "<group>"; };
		995D99AE17EB064500F65204 /* main.m */ = {isa = PBXFileReference; lastKnownFileType = sourcecode.c.objc; path = main.m; sourceTree = "<group>"; };
		995D99B017EB064500F65204 /* testapp-Prefix.pch */ = {isa = PBXFileReference; lastKnownFileType = sourcecode.c.h; path = "testapp-Prefix.pch"; sourceTree = "<group>"; };
		995D99B117EB064500F65204 /* AppDelegate.h */ = {isa = PBXFileReference; lastKnownFileType = sourcecode.c.h; path = AppDelegate.h; sourceTree = "<group>"; };
		995D99B217EB064500F65204 /* AppDelegate.m */ = {isa = PBXFileReference; lastKnownFileType = sourcecode.c.objc; lineEnding = 0; path = AppDelegate.m; sourceTree = "<group>"; xcLanguageSpecificationIdentifier = xcode.lang.objc; };
		995D99BD17EB064500F65204 /* Images.xcassets */ = {isa = PBXFileReference; lastKnownFileType = folder.assetcatalog; path = Images.xcassets; sourceTree = "<group>"; };
		998298D7181C2BFF0028113B /* Security.framework */ = {isa = PBXFileReference; lastKnownFileType = wrapper.framework; name = Security.framework; path = System/Library/Frameworks/Security.framework; sourceTree = SDKROOT; };
		998876131C6D487C0071A436 /* Constants.h */ = {isa = PBXFileReference; fileEncoding = 4; lastKnownFileType = sourcecode.c.h; path = Constants.h; sourceTree = "<group>"; };
		998876141C6D487C0071A436 /* Constants.m */ = {isa = PBXFileReference; fileEncoding = 4; lastKnownFileType = sourcecode.c.objc; path = Constants.m; sourceTree = "<group>"; };
		998B71EB1BB95CB800325DAF /* FBSDKCoreKit.framework */ = {isa = PBXFileReference; lastKnownFileType = wrapper.framework; name = FBSDKCoreKit.framework; path = GetSocialTestApp/Vendor/FBSDKCoreKit.framework; sourceTree = "<group>"; };
		998B71EC1BB95CB800325DAF /* FBSDKLoginKit.framework */ = {isa = PBXFileReference; lastKnownFileType = wrapper.framework; name = FBSDKLoginKit.framework; path = GetSocialTestApp/Vendor/FBSDKLoginKit.framework; sourceTree = "<group>"; };
		998B71ED1BB95CB800325DAF /* FBSDKShareKit.framework */ = {isa = PBXFileReference; lastKnownFileType = wrapper.framework; name = FBSDKShareKit.framework; path = GetSocialTestApp/Vendor/FBSDKShareKit.framework; sourceTree = "<group>"; };
		998B74B61BBA8C7000325DAF /* GetSocial.framework */ = {isa = PBXFileReference; lastKnownFileType = wrapper.framework; path = GetSocial.framework; sourceTree = "<group>"; };
		998B74B81BBA8C7000325DAF /* GetSocial.bundle */ = {isa = PBXFileReference; lastKnownFileType = "wrapper.plug-in"; path = GetSocial.bundle; sourceTree = "<group>"; };
		998B74BA1BBA8C7000325DAF /* GetSocialChat.framework */ = {isa = PBXFileReference; lastKnownFileType = wrapper.framework; path = GetSocialChat.framework; sourceTree = "<group>"; };
		998B74BC1BBA8C7000325DAF /* GetSocialChat.bundle */ = {isa = PBXFileReference; lastKnownFileType = "wrapper.plug-in"; path = GetSocialChat.bundle; sourceTree = "<group>"; };
		99A42E081C904F400041DDE3 /* CoreFoundation.framework */ = {isa = PBXFileReference; lastKnownFileType = wrapper.framework; name = CoreFoundation.framework; path = System/Library/Frameworks/CoreFoundation.framework; sourceTree = SDKROOT; };
		99A42E0A1C904F680041DDE3 /* CFNetwork.framework */ = {isa = PBXFileReference; lastKnownFileType = wrapper.framework; name = CFNetwork.framework; path = System/Library/Frameworks/CFNetwork.framework; sourceTree = SDKROOT; };
		99A42E0C1C904F830041DDE3 /* CoreGraphics.framework */ = {isa = PBXFileReference; lastKnownFileType = wrapper.framework; name = CoreGraphics.framework; path = System/Library/Frameworks/CoreGraphics.framework; sourceTree = SDKROOT; };
		99A42E0E1C904F8F0041DDE3 /* CoreImage.framework */ = {isa = PBXFileReference; lastKnownFileType = wrapper.framework; name = CoreImage.framework; path = System/Library/Frameworks/CoreImage.framework; sourceTree = SDKROOT; };
		99A42E101C904F9A0041DDE3 /* CoreText.framework */ = {isa = PBXFileReference; lastKnownFileType = wrapper.framework; name = CoreText.framework; path = System/Library/Frameworks/CoreText.framework; sourceTree = SDKROOT; };
		99A42E121C904FCD0041DDE3 /* QuartzCore.framework */ = {isa = PBXFileReference; lastKnownFileType = wrapper.framework; name = QuartzCore.framework; path = System/Library/Frameworks/QuartzCore.framework; sourceTree = SDKROOT; };
		99ABE3C21BCE7E8A00296F50 /* UserIdentityUtils.h */ = {isa = PBXFileReference; fileEncoding = 4; lastKnownFileType = sourcecode.c.h; path = UserIdentityUtils.h; sourceTree = "<group>"; };
		99ABE3C31BCE7E8A00296F50 /* UserIdentityUtils.m */ = {isa = PBXFileReference; fileEncoding = 4; lastKnownFileType = sourcecode.c.objc; path = UserIdentityUtils.m; sourceTree = "<group>"; };
		99ABE3C81BCE8EA000296F50 /* GetSocialTestApp.entitlements */ = {isa = PBXFileReference; lastKnownFileType = text.xml; path = GetSocialTestApp.entitlements; sourceTree = "<group>"; };
		99B68F131BB18FC500E1F252 /* UserIdentityViewController.h */ = {isa = PBXFileReference; fileEncoding = 4; lastKnownFileType = sourcecode.c.h; lineEnding = 0; path = UserIdentityViewController.h; sourceTree = "<group>"; xcLanguageSpecificationIdentifier = xcode.lang.objcpp; };
		99B68F141BB18FC500E1F252 /* UserIdentityViewController.m */ = {isa = PBXFileReference; fileEncoding = 4; lastKnownFileType = sourcecode.c.objc; lineEnding = 0; path = UserIdentityViewController.m; sourceTree = "<group>"; xcLanguageSpecificationIdentifier = xcode.lang.objc; };
		99BF2FBC18129DC600B9A6B5 /* MobileCoreServices.framework */ = {isa = PBXFileReference; lastKnownFileType = wrapper.framework; name = MobileCoreServices.framework; path = System/Library/Frameworks/MobileCoreServices.framework; sourceTree = SDKROOT; };
		99BF2FC118129DCC00B9A6B5 /* SystemConfiguration.framework */ = {isa = PBXFileReference; lastKnownFileType = wrapper.framework; name = SystemConfiguration.framework; path = System/Library/Frameworks/SystemConfiguration.framework; sourceTree = SDKROOT; };
		99C086941BB92EE500C706DD /* Base */ = {isa = PBXFileReference; lastKnownFileType = file.storyboard; name = Base; path = Base.lproj/Main.storyboard; sourceTree = "<group>"; };
		99C086961BB92F4200C706DD /* defaultAvatar.png */ = {isa = PBXFileReference; lastKnownFileType = image.png; name = defaultAvatar.png; path = Resources/defaultAvatar.png; sourceTree = "<group>"; };
		99EB87FD1AB7611600357E60 /* activityImageWithButton.png */ = {isa = PBXFileReference; lastKnownFileType = image.png; name = activityImageWithButton.png; path = Resources/activityImageWithButton.png; sourceTree = "<group>"; };
		99F26B2519A65BE5006D3B1A /* GetSocialTestApp.app */ = {isa = PBXFileReference; explicitFileType = wrapper.application; includeInIndex = 0; path = GetSocialTestApp.app; sourceTree = BUILT_PRODUCTS_DIR; };
		99F3E7E41AB205C400033238 /* activityCallToActionButtonNormal.png */ = {isa = PBXFileReference; lastKnownFileType = image.png; name = activityCallToActionButtonNormal.png; path = Resources/activityCallToActionButtonNormal.png; sourceTree = "<group>"; };
		99F3E7E51AB205C400033238 /* activityCallToActionButtonPressed.png */ = {isa = PBXFileReference; lastKnownFileType = image.png; name = activityCallToActionButtonPressed.png; path = Resources/activityCallToActionButtonPressed.png; sourceTree = "<group>"; };
		99F3E7ED1AB31DC100033238 /* activityImageWithAction.png */ = {isa = PBXFileReference; lastKnownFileType = image.png; name = activityImageWithAction.png; path = Resources/activityImageWithAction.png; sourceTree = "<group>"; };
		99F3E7FE1AB32CA900033238 /* activityImage.png */ = {isa = PBXFileReference; lastKnownFileType = image.png; name = activityImage.png; path = Resources/activityImage.png; sourceTree = "<group>"; };
		99F772E51BBAA96A00A4CD69 /* LICENSE */ = {isa = PBXFileReference; fileEncoding = 4; lastKnownFileType = text; path = LICENSE; sourceTree = "<group>"; };
		99FE1A7C1BB2A82100EF576A /* ConsoleViewController.h */ = {isa = PBXFileReference; fileEncoding = 4; lastKnownFileType = sourcecode.c.h; lineEnding = 0; path = ConsoleViewController.h; sourceTree = "<group>"; xcLanguageSpecificationIdentifier = xcode.lang.objcpp; };
		99FE1A7D1BB2A82100EF576A /* ConsoleViewController.m */ = {isa = PBXFileReference; fileEncoding = 4; lastKnownFileType = sourcecode.c.objc; lineEnding = 0; path = ConsoleViewController.m; sourceTree = "<group>"; xcLanguageSpecificationIdentifier = xcode.lang.objc; };
		BC012E161CA29AFF00D68064 /* GetSocialFBMessengerInvitePlugin.m */ = {isa = PBXFileReference; fileEncoding = 4; lastKnownFileType = sourcecode.c.objc; name = GetSocialFBMessengerInvitePlugin.m; path = Plugins/GetSocialFBMessengerInvitePlugin.m; sourceTree = "<group>"; };
		BC012E171CA29AFF00D68064 /* GetSocialFBMessengerInvitePlugin.h */ = {isa = PBXFileReference; fileEncoding = 4; lastKnownFileType = sourcecode.c.h; name = GetSocialFBMessengerInvitePlugin.h; path = Plugins/GetSocialFBMessengerInvitePlugin.h; sourceTree = "<group>"; };
		BC6DBD261C999D650049A31D /* UsersListTableViewController.h */ = {isa = PBXFileReference; fileEncoding = 4; lastKnownFileType = sourcecode.c.h; path = UsersListTableViewController.h; sourceTree = "<group>"; };
		BC6DBD271C999D650049A31D /* UsersListTableViewController.m */ = {isa = PBXFileReference; fileEncoding = 4; lastKnownFileType = sourcecode.c.objc; path = UsersListTableViewController.m; sourceTree = "<group>"; };
		F4AD6CFE18BF313400B1F342 /* libsqlite3.tbd */ = {isa = PBXFileReference; lastKnownFileType = "compiled.mach-o.tbd"; name = libsqlite3.tbd; path = usr/lib/libsqlite3.tbd; sourceTree = SDKROOT; };
/* End PBXFileReference section */

/* Begin PBXFrameworksBuildPhase section */
		99F26B0719A65BE5006D3B1A /* Frameworks */ = {
			isa = PBXFrameworksBuildPhase;
			buildActionMask = 2147483647;
			files = (
				99A42E131C904FCD0041DDE3 /* QuartzCore.framework in Frameworks */,
				99A42E111C904F9A0041DDE3 /* CoreText.framework in Frameworks */,
				99A42E0F1C904F8F0041DDE3 /* CoreImage.framework in Frameworks */,
				99A42E0D1C904F830041DDE3 /* CoreGraphics.framework in Frameworks */,
				99A42E0B1C904F680041DDE3 /* CFNetwork.framework in Frameworks */,
				99A42E071C904F300041DDE3 /* Security.framework in Frameworks */,
				99A42E061C904CD50041DDE3 /* Accelerate.framework in Frameworks */,
				9916C6A61BE7BF0B00ABBCF0 /* libicucore.tbd in Frameworks */,
				990CFDE71BAA173E008872CA /* Social.framework in Frameworks */,
				998B71EE1BB95CB800325DAF /* FBSDKCoreKit.framework in Frameworks */,
				990CFDE81BAA173E008872CA /* MessageUI.framework in Frameworks */,
				990CFDE91BAA173E008872CA /* MobileCoreServices.framework in Frameworks */,
				998B74BF1BBA8C7000325DAF /* GetSocialChat.framework in Frameworks */,
				998B71F01BB95CB800325DAF /* FBSDKShareKit.framework in Frameworks */,
				990CFDEA1BAA173E008872CA /* CoreTelephony.framework in Frameworks */,
				998B71EF1BB95CB800325DAF /* FBSDKLoginKit.framework in Frameworks */,
				990CFDEE1BAA173E008872CA /* AVFoundation.framework in Frameworks */,
				990CFDF01BAA173E008872CA /* AdSupport.framework in Frameworks */,
				990CFDF21BAA173E008872CA /* UIKit.framework in Frameworks */,
				998B74BD1BBA8C7000325DAF /* GetSocial.framework in Frameworks */,
				990CFDF81BAA173E008872CA /* libsqlite3.tbd in Frameworks */,
				990CFDF91BAA173E008872CA /* SystemConfiguration.framework in Frameworks */,
				990CFDFC1BAA173E008872CA /* Foundation.framework in Frameworks */,
			);
			runOnlyForDeploymentPostprocessing = 0;
		};
/* End PBXFrameworksBuildPhase section */

/* Begin PBXGroup section */
		2563FAEF1A6E859E006E0448 /* Resources */ = {
			isa = PBXGroup;
			children = (
				7A4253491D5DDF35007B9B47 /* getSocialLogoFullColorBlackBgIOS.png */,
				7A42534A1D5DDF35007B9B47 /* splashscreenBg.jpg */,
				99F3E7FE1AB32CA900033238 /* activityImage.png */,
				99EB87FD1AB7611600357E60 /* activityImageWithButton.png */,
				99F3E7ED1AB31DC100033238 /* activityImageWithAction.png */,
				99F3E7E41AB205C400033238 /* activityCallToActionButtonNormal.png */,
				99F3E7E51AB205C400033238 /* activityCallToActionButtonPressed.png */,
				99C086961BB92F4200C706DD /* defaultAvatar.png */,
			);
			name = Resources;
			sourceTree = "<group>";
		};
		994F498B1B15F057007B4494 /* Utils */ = {
			isa = PBXGroup;
			children = (
				56B2BF6E1CAAC5710020B6FC /* Reachability.h */,
				56B2BF6F1CAAC5710020B6FC /* Reachability.m */,
				99ABE3C21BCE7E8A00296F50 /* UserIdentityUtils.h */,
				99ABE3C31BCE7E8A00296F50 /* UserIdentityUtils.m */,
				990BC5AC1AF24E07003A0B96 /* UIBAlertView.h */,
				990BC5AD1AF24E07003A0B96 /* UIBAlertView.m */,
			);
			name = Utils;
			sourceTree = "<group>";
		};
		995D999617EB064500F65204 = {
			isa = PBXGroup;
			children = (
				995D99A817EB064500F65204 /* GetSocialTestApp */,
				995D99A117EB064500F65204 /* Frameworks */,
				995D99A017EB064500F65204 /* Products */,
			);
			sourceTree = "<group>";
		};
		995D99A017EB064500F65204 /* Products */ = {
			isa = PBXGroup;
			children = (
				99F26B2519A65BE5006D3B1A /* GetSocialTestApp.app */,
			);
			name = Products;
			sourceTree = "<group>";
		};
		995D99A117EB064500F65204 /* Frameworks */ = {
			isa = PBXGroup;
			children = (
				990CFD731BA9C350008872CA /* Accelerate.framework */,
				990BC5B71AF265D6003A0B96 /* AdSupport.framework */,
				9908FAA91A9B4C7800F39657 /* AVFoundation.framework */,
				99A42E0A1C904F680041DDE3 /* CFNetwork.framework */,
				99A42E081C904F400041DDE3 /* CoreFoundation.framework */,
				99A42E0C1C904F830041DDE3 /* CoreGraphics.framework */,
				99A42E0E1C904F8F0041DDE3 /* CoreImage.framework */,
				990CFD6D1BA9C2CF008872CA /* CoreTelephony.framework */,
				998B71EB1BB95CB800325DAF /* FBSDKCoreKit.framework */,
				998B71EC1BB95CB800325DAF /* FBSDKLoginKit.framework */,
				998B71ED1BB95CB800325DAF /* FBSDKShareKit.framework */,
				99A42E101C904F9A0041DDE3 /* CoreText.framework */,
				995D99A217EB064500F65204 /* Foundation.framework */,
				9916C6A51BE7BF0B00ABBCF0 /* libicucore.tbd */,
				F4AD6CFE18BF313400B1F342 /* libsqlite3.tbd */,
				990CFD6F1BA9C2F6008872CA /* MessageUI.framework */,
				99BF2FBC18129DC600B9A6B5 /* MobileCoreServices.framework */,
				99A42E121C904FCD0041DDE3 /* QuartzCore.framework */,
				998298D7181C2BFF0028113B /* Security.framework */,
				990CFD711BA9C31C008872CA /* Social.framework */,
				99BF2FC118129DCC00B9A6B5 /* SystemConfiguration.framework */,
				995D99A617EB064500F65204 /* UIKit.framework */,
			);
			name = Frameworks;
			sourceTree = "<group>";
		};
		995D99A817EB064500F65204 /* GetSocialTestApp */ = {
			isa = PBXGroup;
			children = (
				99ABE3C81BCE8EA000296F50 /* GetSocialTestApp.entitlements */,
				99F772E51BBAA96A00A4CD69 /* LICENSE */,
				998B74C11BBA8C7900325DAF /* GetSocial */,
				99FE1A821BB2B2FF00EF576A /* Facebook */,
				995D99B117EB064500F65204 /* AppDelegate.h */,
				995D99B217EB064500F65204 /* AppDelegate.m */,
				998876131C6D487C0071A436 /* Constants.h */,
				998876141C6D487C0071A436 /* Constants.m */,
				995D99BD17EB064500F65204 /* Images.xcassets */,
				9942F9171A70F9C200FCC91B /* Launch Screen.xib */,
				2563FAEF1A6E859E006E0448 /* Resources */,
				995D99A917EB064500F65204 /* Supporting Files */,
				994F498B1B15F057007B4494 /* Utils */,
				99FE1A811BB2B2EC00EF576A /* Views */,
			);
			path = GetSocialTestApp;
			sourceTree = "<group>";
		};
		995D99A917EB064500F65204 /* Supporting Files */ = {
			isa = PBXGroup;
			children = (
				995D99AA17EB064500F65204 /* testapp-Info.plist */,
				995D99AE17EB064500F65204 /* main.m */,
				995D99B017EB064500F65204 /* testapp-Prefix.pch */,
			);
			name = "Supporting Files";
			sourceTree = "<group>";
		};
		998B74B51BBA8C7000325DAF /* GetSocial.embeddedframework */ = {
			isa = PBXGroup;
			children = (
				998B74B61BBA8C7000325DAF /* GetSocial.framework */,
				998B74B71BBA8C7000325DAF /* Resources */,
			);
			name = GetSocial.embeddedframework;
			path = ../../bin/GetSocial.embeddedframework;
			sourceTree = "<group>";
		};
		998B74B71BBA8C7000325DAF /* Resources */ = {
			isa = PBXGroup;
			children = (
				998B74B81BBA8C7000325DAF /* GetSocial.bundle */,
			);
			path = Resources;
			sourceTree = "<group>";
		};
		998B74B91BBA8C7000325DAF /* GetSocialChat.embeddedframework */ = {
			isa = PBXGroup;
			children = (
				998B74BA1BBA8C7000325DAF /* GetSocialChat.framework */,
				998B74BB1BBA8C7000325DAF /* Resources */,
			);
			name = GetSocialChat.embeddedframework;
			path = ../../bin/GetSocialChat.embeddedframework;
			sourceTree = "<group>";
		};
		998B74BB1BBA8C7000325DAF /* Resources */ = {
			isa = PBXGroup;
			children = (
				998B74BC1BBA8C7000325DAF /* GetSocialChat.bundle */,
			);
			path = Resources;
			sourceTree = "<group>";
		};
		998B74C11BBA8C7900325DAF /* GetSocial */ = {
			isa = PBXGroup;
			children = (
				998B74B51BBA8C7000325DAF /* GetSocial.embeddedframework */,
				998B74B91BBA8C7000325DAF /* GetSocialChat.embeddedframework */,
			);
			name = GetSocial;
			sourceTree = "<group>";
		};
		99FE1A811BB2B2EC00EF576A /* Views */ = {
			isa = PBXGroup;
			children = (
				995AC1E71BB15C95006424DF /* MenuItem.h */,
				995AC1E81BB15C95006424DF /* MenuItem.m */,
				995D99B417EB064500F65204 /* Main.storyboard */,
				991347B11AF240740044C2AD /* CustomSmartInviteViewController.h */,
				991347B21AF240740044C2AD /* CustomSmartInviteViewController.m */,
				995AC1D21BB06955006424DF /* MainViewController.h */,
				995AC1D31BB06955006424DF /* MainViewController.m */,
				995AC1DD1BB15218006424DF /* MainNavigationController.h */,
				995AC1DE1BB15218006424DF /* MainNavigationController.m */,
				995AC1E21BB1568E006424DF /* MenuTableViewController.h */,
				995AC1E31BB1568E006424DF /* MenuTableViewController.m */,
				99B68F131BB18FC500E1F252 /* UserIdentityViewController.h */,
				99B68F141BB18FC500E1F252 /* UserIdentityViewController.m */,
				99FE1A7C1BB2A82100EF576A /* ConsoleViewController.h */,
				99FE1A7D1BB2A82100EF576A /* ConsoleViewController.m */,
				992923981BB2EEAD0010D481 /* UserViewController.h */,
				992923991BB2EEAD0010D481 /* UserViewController.m */,
				992923A11BB411A00010D481 /* MenuTableViewCell.h */,
				992923A21BB411A00010D481 /* MenuTableViewCell.m */,
				BC6DBD261C999D650049A31D /* UsersListTableViewController.h */,
				BC6DBD271C999D650049A31D /* UsersListTableViewController.m */,
			);
			name = Views;
			sourceTree = "<group>";
		};
		99FE1A821BB2B2FF00EF576A /* Facebook */ = {
			isa = PBXGroup;
			children = (
				99205C711A1AA237003DB88F /* GetSocialFacebookInvitePlugin.h */,
				99205C721A1AA237003DB88F /* GetSocialFacebookInvitePlugin.m */,
				BC012E171CA29AFF00D68064 /* GetSocialFBMessengerInvitePlugin.h */,
				BC012E161CA29AFF00D68064 /* GetSocialFBMessengerInvitePlugin.m */,
			);
			name = Facebook;
			sourceTree = "<group>";
		};
/* End PBXGroup section */

/* Begin PBXNativeTarget section */
		99F26AD019A65BE5006D3B1A /* GetSocialTestApp */ = {
			isa = PBXNativeTarget;
			buildConfigurationList = 99F26B2119A65BE5006D3B1A /* Build configuration list for PBXNativeTarget "GetSocialTestApp" */;
			buildPhases = (
				99F26AD219A65BE5006D3B1A /* Sources */,
				99F26B0719A65BE5006D3B1A /* Frameworks */,
				99F26B1719A65BE5006D3B1A /* Resources */,
			);
			buildRules = (
			);
			dependencies = (
			);
			name = GetSocialTestApp;
			productName = testapp;
			productReference = 99F26B2519A65BE5006D3B1A /* GetSocialTestApp.app */;
			productType = "com.apple.product-type.application";
		};
/* End PBXNativeTarget section */

/* Begin PBXProject section */
		995D999717EB064500F65204 /* Project object */ = {
			isa = PBXProject;
			attributes = {
				LastUpgradeCheck = 0700;
				ORGANIZATIONNAME = GrambleWorld;
				TargetAttributes = {
					99F26AD019A65BE5006D3B1A = {
						DevelopmentTeam = MPDNQL6523;
						SystemCapabilities = {
							com.apple.SafariKeychain = {
								enabled = 1;
							};
						};
					};
				};
			};
			buildConfigurationList = 995D999A17EB064500F65204 /* Build configuration list for PBXProject "GetSocialTestApp" */;
			compatibilityVersion = "Xcode 3.2";
			developmentRegion = English;
			hasScannedForEncodings = 0;
			knownRegions = (
				en,
				Base,
			);
			mainGroup = 995D999617EB064500F65204;
			productRefGroup = 995D99A017EB064500F65204 /* Products */;
			projectDirPath = "";
			projectRoot = "";
			targets = (
				99F26AD019A65BE5006D3B1A /* GetSocialTestApp */,
			);
		};
/* End PBXProject section */

/* Begin PBXResourcesBuildPhase section */
		99F26B1719A65BE5006D3B1A /* Resources */ = {
			isa = PBXResourcesBuildPhase;
			buildActionMask = 2147483647;
			files = (
				998B74BE1BBA8C7000325DAF /* GetSocial.bundle in Resources */,
				7A42534C1D5DDF35007B9B47 /* splashscreenBg.jpg in Resources */,
				998B74C01BBA8C7000325DAF /* GetSocialChat.bundle in Resources */,
				99F3E7E81AB205C400033238 /* activityCallToActionButtonNormal.png in Resources */,
				99F26B1A19A65BE5006D3B1A /* Images.xcassets in Resources */,
				99ABE3CC1BCEBC8600296F50 /* GetSocialTestApp.entitlements in Resources */,
				99F772E61BBAA96A00A4CD69 /* LICENSE in Resources */,
				7A42534B1D5DDF35007B9B47 /* getSocialLogoFullColorBlackBgIOS.png in Resources */,
				99F26B1B19A65BE5006D3B1A /* Main.storyboard in Resources */,
				9942F91A1A70F9C200FCC91B /* Launch Screen.xib in Resources */,
				BC2561C51C74C2DD00D224C0 /* (null) in Resources */,
				99C086991BB92F4200C706DD /* defaultAvatar.png in Resources */,
				99F3E7EB1AB205C400033238 /* activityCallToActionButtonPressed.png in Resources */,
				99EB88001AB7611600357E60 /* activityImageWithButton.png in Resources */,
				99F3E7F31AB31DC100033238 /* activityImageWithAction.png in Resources */,
				99F3E8011AB32CA900033238 /* activityImage.png in Resources */,
			);
			runOnlyForDeploymentPostprocessing = 0;
		};
/* End PBXResourcesBuildPhase section */

/* Begin PBXSourcesBuildPhase section */
		99F26AD219A65BE5006D3B1A /* Sources */ = {
			isa = PBXSourcesBuildPhase;
			buildActionMask = 2147483647;
			files = (
				995AC1E61BB1568E006424DF /* MenuTableViewController.m in Sources */,
				99FE1A801BB2A82100EF576A /* ConsoleViewController.m in Sources */,
				99205C751A1AA237003DB88F /* GetSocialFacebookInvitePlugin.m in Sources */,
				BC012E181CA29AFF00D68064 /* GetSocialFBMessengerInvitePlugin.m in Sources */,
				99F26AEB19A65BE5006D3B1A /* AppDelegate.m in Sources */,
				9929239C1BB2EEAD0010D481 /* UserViewController.m in Sources */,
				998876151C6D487C0071A436 /* Constants.m in Sources */,
				99F26AF419A65BE5006D3B1A /* main.m in Sources */,
				995AC1D61BB06955006424DF /* MainViewController.m in Sources */,
				99B68F171BB18FC500E1F252 /* UserIdentityViewController.m in Sources */,
				995AC1EB1BB15C95006424DF /* MenuItem.m in Sources */,
				990BC5B01AF24E07003A0B96 /* UIBAlertView.m in Sources */,
				99ABE3C41BCE7E8A00296F50 /* UserIdentityUtils.m in Sources */,
				995AC1E11BB15218006424DF /* MainNavigationController.m in Sources */,
				992923A51BB411A00010D481 /* MenuTableViewCell.m in Sources */,
				BC6DBD281C999D650049A31D /* UsersListTableViewController.m in Sources */,
				56B2BF701CAAC5710020B6FC /* Reachability.m in Sources */,
				991347B51AF240740044C2AD /* CustomSmartInviteViewController.m in Sources */,
			);
			runOnlyForDeploymentPostprocessing = 0;
		};
/* End PBXSourcesBuildPhase section */

/* Begin PBXVariantGroup section */
		995D99B417EB064500F65204 /* Main.storyboard */ = {
			isa = PBXVariantGroup;
			children = (
				99C086941BB92EE500C706DD /* Base */,
			);
			name = Main.storyboard;
			sourceTree = "<group>";
		};
/* End PBXVariantGroup section */

/* Begin XCBuildConfiguration section */
		99404754196F09FD00F1B441 /* master */ = {
			isa = XCBuildConfiguration;
			buildSettings = {
				ALWAYS_SEARCH_USER_PATHS = NO;
				CLANG_CXX_LANGUAGE_STANDARD = "gnu++0x";
				CLANG_CXX_LIBRARY = "libc++";
				CLANG_ENABLE_OBJC_ARC = YES;
				CLANG_WARN_BOOL_CONVERSION = YES;
				CLANG_WARN_CONSTANT_CONVERSION = YES;
				CLANG_WARN_DIRECT_OBJC_ISA_USAGE = YES_ERROR;
				CLANG_WARN_EMPTY_BODY = YES;
				CLANG_WARN_ENUM_CONVERSION = YES;
				CLANG_WARN_INT_CONVERSION = YES;
				CLANG_WARN_OBJC_ROOT_CLASS = YES_ERROR;
				CLANG_WARN__DUPLICATE_METHOD_MATCH = YES;
				CODE_SIGN_IDENTITY = "iPhone Developer";
				COPY_PHASE_STRIP = NO;
				GCC_C_LANGUAGE_STANDARD = gnu99;
				GCC_DYNAMIC_NO_PIC = NO;
				GCC_OPTIMIZATION_LEVEL = 0;
				GCC_PREPROCESSOR_DEFINITIONS = "$(inherited)";
				GCC_SYMBOLS_PRIVATE_EXTERN = NO;
				GCC_WARN_64_TO_32_BIT_CONVERSION = YES;
				GCC_WARN_ABOUT_RETURN_TYPE = YES_ERROR;
				GCC_WARN_UNDECLARED_SELECTOR = YES;
				GCC_WARN_UNINITIALIZED_AUTOS = YES;
				GCC_WARN_UNUSED_FUNCTION = YES;
				GCC_WARN_UNUSED_VARIABLE = YES;
				IPHONEOS_DEPLOYMENT_TARGET = 7.0;
				ONLY_ACTIVE_ARCH = NO;
				SDKROOT = iphoneos;
				TARGETED_DEVICE_FAMILY = "1,2";
				VALID_ARCHS = "$(ARCHS_STANDARD)";
			};
			name = master;
		};
		99F26B2419A65BE5006D3B1A /* master */ = {
			isa = XCBuildConfiguration;
			buildSettings = {
				ASSETCATALOG_COMPILER_APPICON_NAME = AppIcon;
				CODE_SIGN_ENTITLEMENTS = GetSocialTestApp/GetSocialTestApp.entitlements;
				FRAMEWORK_SEARCH_PATHS = (
					"$(SRCROOT)/GetSocialTestApp/Vendor/**",
					"$(inherited)",
					"$(SRCROOT)/../bin/**",
				);
				GCC_OPTIMIZATION_LEVEL = s;
				GCC_PRECOMPILE_PREFIX_HEADER = YES;
				GCC_PREFIX_HEADER = "GetSocialTestApp/testapp-Prefix.pch";
				GCC_SYMBOLS_PRIVATE_EXTERN = YES;
				INFOPLIST_FILE = "GetSocialTestApp/testapp-Info.plist";
				IPHONEOS_DEPLOYMENT_TARGET = 8.0;
				ONLY_ACTIVE_ARCH = YES;
				OTHER_LDFLAGS = (
					"$(inherited)",
					"-ObjC",
				);
				PRODUCT_BUNDLE_IDENTIFIER = im.getsocial.testapp;
				PRODUCT_NAME = "$(TARGET_NAME)";
				VALIDATE_PRODUCT = YES;
				WRAPPER_EXTENSION = app;
			};
			name = master;
		};
/* End XCBuildConfiguration section */

/* Begin XCConfigurationList section */
		995D999A17EB064500F65204 /* Build configuration list for PBXProject "GetSocialTestApp" */ = {
			isa = XCConfigurationList;
			buildConfigurations = (
				99404754196F09FD00F1B441 /* master */,
			);
			defaultConfigurationIsVisible = 0;
			defaultConfigurationName = master;
		};
		99F26B2119A65BE5006D3B1A /* Build configuration list for PBXNativeTarget "GetSocialTestApp" */ = {
			isa = XCConfigurationList;
			buildConfigurations = (
				99F26B2419A65BE5006D3B1A /* master */,
			);
			defaultConfigurationIsVisible = 0;
			defaultConfigurationName = master;
		};
/* End XCConfigurationList section */
	};
	rootObject = 995D999717EB064500F65204 /* Project object */;
}
